{
  "name": "time_management_v2_options",
  "version": "1.0.0",
  "lockfileVersion": 2,
  "requires": true,
  "packages": {
    "": {
      "name": "time_management_v2_options",
      "version": "1.0.0",
      "license": "ISC",
      "dependencies": {
        "jquery": "^3.6.4",
        "tldts": "^6.0.4"
      }
    },
    "node_modules/jquery": {
      "version": "3.6.4",
      "resolved": "https://registry.npmjs.org/jquery/-/jquery-3.6.4.tgz",
      "integrity": "sha512-v28EW9DWDFpzcD9O5iyJXg3R3+q+mET5JhnjJzQUZMHOv67bpSIHq81GEYpPNZHG+XXHsfSme3nxp/hndKEcsQ=="
    },
    "node_modules/tldts": {
      "version": "6.0.4",
      "resolved": "https://registry.npmjs.org/tldts/-/tldts-6.0.4.tgz",
      "integrity": "sha512-6bPBpLZwjtY4XcLGc1zVEcjh9EMyauJDlF3QSqYq1bepKBK7QyDt9y0+OruFUVptDwl60cn8IsIuoSQAS6x+Cw==",
      "dependencies": {
        "tldts-core": "^6.0.4"
      },
      "bin": {
        "tldts": "bin/cli.js"
      }
    },
    "node_modules/tldts-core": {
      "version": "6.0.4",
      "resolved": "https://registry.npmjs.org/tldts-core/-/tldts-core-6.0.4.tgz",
      "integrity": "sha512-1VTpdu9u8mHzqWlzgTYeGmocb9palfyRkVdv4jmgZHeBDYiT2EUN2Ij6lIhcAIbwv9MbPkAv84JBS4KXkpqI+A=="
    }
  },
  "dependencies": {
    "jquery": {
      "version": "3.6.4",
      "resolved": "https://registry.npmjs.org/jquery/-/jquery-3.6.4.tgz",
      "integrity": "sha512-v28EW9DWDFpzcD9O5iyJXg3R3+q+mET5JhnjJzQUZMHOv67bpSIHq81GEYpPNZHG+XXHsfSme3nxp/hndKEcsQ=="
    },
    "tldts": {
      "version": "6.0.4",
      "resolved": "https://registry.npmjs.org/tldts/-/tldts-6.0.4.tgz",
      "integrity": "sha512-6bPBpLZwjtY4XcLGc1zVEcjh9EMyauJDlF3QSqYq1bepKBK7QyDt9y0+OruFUVptDwl60cn8IsIuoSQAS6x+Cw==",
      "requires": {
        "tldts-core": "^6.0.4"
      }
    },
    "tldts-core": {
      "version": "6.0.4",
      "resolved": "https://registry.npmjs.org/tldts-core/-/tldts-core-6.0.4.tgz",
      "integrity": "sha512-1VTpdu9u8mHzqWlzgTYeGmocb9palfyRkVdv4jmgZHeBDYiT2EUN2Ij6lIhcAIbwv9MbPkAv84JBS4KXkpqI+A=="
    }
  }
}
