{
  "name": "time_management_v2_options",
  "version": "1.0.0",
  "lockfileVersion": 2,
  "requires": true,
  "packages": {
    "": {
      "name": "time_management_v2_options",
      "version": "1.0.0",
      "license": "ISC",
      "dependencies": {
        "bootstrap": "^5.3.0-alpha3",
        "jquery": "^3.6.4",
        "tldts": "^6.0.4"
      }
    },
    "node_modules/@popperjs/core": {
      "version": "2.11.7",
      "resolved": "https://registry.npmjs.org/@popperjs/core/-/core-2.11.7.tgz",
      "integrity": "sha512-Cr4OjIkipTtcXKjAsm8agyleBuDHvxzeBoa1v543lbv1YaIwQjESsVcmjiWiPEbC1FIeHOG/Op9kdCmAmiS3Kw==",
      "peer": true,
      "funding": {
        "type": "opencollective",
        "url": "https://opencollective.com/popperjs"
      }
    },
    "node_modules/bootstrap": {
      "version": "5.3.0-alpha3",
      "resolved": "https://registry.npmjs.org/bootstrap/-/bootstrap-5.3.0-alpha3.tgz",
      "integrity": "sha512-FBhOWMxkCFr74hesJdchLXhqagPTXS+kRNU3gE0FR5Ki/AdPSz32Ik96Z28+yBluCnE/pc9st7l1yPwKgbtfSA==",
      "funding": [
        {
          "type": "github",
          "url": "https://github.com/sponsors/twbs"
        },
        {
          "type": "opencollective",
          "url": "https://opencollective.com/bootstrap"
        }
      ],
      "peerDependencies": {
        "@popperjs/core": "^2.11.7"
      }
    },
    "node_modules/jquery": {
      "version": "3.6.4",
      "resolved": "https://registry.npmjs.org/jquery/-/jquery-3.6.4.tgz",
      "integrity": "sha512-v28EW9DWDFpzcD9O5iyJXg3R3+q+mET5JhnjJzQUZMHOv67bpSIHq81GEYpPNZHG+XXHsfSme3nxp/hndKEcsQ=="
    },
    "node_modules/tldts": {
      "version": "6.0.4",
      "resolved": "https://registry.npmjs.org/tldts/-/tldts-6.0.4.tgz",
      "integrity": "sha512-6bPBpLZwjtY4XcLGc1zVEcjh9EMyauJDlF3QSqYq1bepKBK7QyDt9y0+OruFUVptDwl60cn8IsIuoSQAS6x+Cw==",
      "dependencies": {
        "tldts-core": "^6.0.4"
      },
      "bin": {
        "tldts": "bin/cli.js"
      }
    },
    "node_modules/tldts-core": {
      "version": "6.0.4",
      "resolved": "https://registry.npmjs.org/tldts-core/-/tldts-core-6.0.4.tgz",
      "integrity": "sha512-1VTpdu9u8mHzqWlzgTYeGmocb9palfyRkVdv4jmgZHeBDYiT2EUN2Ij6lIhcAIbwv9MbPkAv84JBS4KXkpqI+A=="
    }
  },
  "dependencies": {
    "@popperjs/core": {
      "version": "2.11.7",
      "resolved": "https://registry.npmjs.org/@popperjs/core/-/core-2.11.7.tgz",
      "integrity": "sha512-Cr4OjIkipTtcXKjAsm8agyleBuDHvxzeBoa1v543lbv1YaIwQjESsVcmjiWiPEbC1FIeHOG/Op9kdCmAmiS3Kw==",
      "peer": true
    },
    "bootstrap": {
      "version": "5.3.0-alpha3",
      "resolved": "https://registry.npmjs.org/bootstrap/-/bootstrap-5.3.0-alpha3.tgz",
      "integrity": "sha512-FBhOWMxkCFr74hesJdchLXhqagPTXS+kRNU3gE0FR5Ki/AdPSz32Ik96Z28+yBluCnE/pc9st7l1yPwKgbtfSA==",
      "requires": {}
    },
    "jquery": {
      "version": "3.6.4",
      "resolved": "https://registry.npmjs.org/jquery/-/jquery-3.6.4.tgz",
      "integrity": "sha512-v28EW9DWDFpzcD9O5iyJXg3R3+q+mET5JhnjJzQUZMHOv67bpSIHq81GEYpPNZHG+XXHsfSme3nxp/hndKEcsQ=="
    },
    "tldts": {
      "version": "6.0.4",
      "resolved": "https://registry.npmjs.org/tldts/-/tldts-6.0.4.tgz",
      "integrity": "sha512-6bPBpLZwjtY4XcLGc1zVEcjh9EMyauJDlF3QSqYq1bepKBK7QyDt9y0+OruFUVptDwl60cn8IsIuoSQAS6x+Cw==",
      "requires": {
        "tldts-core": "^6.0.4"
      }
    },
    "tldts-core": {
      "version": "6.0.4",
      "resolved": "https://registry.npmjs.org/tldts-core/-/tldts-core-6.0.4.tgz",
      "integrity": "sha512-1VTpdu9u8mHzqWlzgTYeGmocb9palfyRkVdv4jmgZHeBDYiT2EUN2Ij6lIhcAIbwv9MbPkAv84JBS4KXkpqI+A=="
    }
  }
}
