{
  "name": "time_management_v2_options",
  "version": "1.0.0",
  "lockfileVersion": 2,
  "requires": true,
  "packages": {
    "": {
      "name": "time_management_v2_options",
      "version": "1.0.0",
      "license": "ISC",
      "dependencies": {
        "jquery": "^3.6.4",
        "tldts": "^6.0.3"
      }
    },
    "node_modules/jquery": {
      "version": "3.6.4",
      "resolved": "https://registry.npmjs.org/jquery/-/jquery-3.6.4.tgz",
      "integrity": "sha512-v28EW9DWDFpzcD9O5iyJXg3R3+q+mET5JhnjJzQUZMHOv67bpSIHq81GEYpPNZHG+XXHsfSme3nxp/hndKEcsQ=="
    },
    "node_modules/tldts": {
      "version": "6.0.3",
      "resolved": "https://registry.npmjs.org/tldts/-/tldts-6.0.3.tgz",
      "integrity": "sha512-rcdUIwrcGuMWe5+fg5FFBrmWTYdbfpHwkk1AjBKoSDbpsdAsYqJYKoZOVOHn8MQCYatADKGAx/SU+jpSKxSYNw==",
      "dependencies": {
        "tldts-core": "^6.0.3"
      },
      "bin": {
        "tldts": "bin/cli.js"
      }
    },
    "node_modules/tldts-core": {
      "version": "6.0.3",
      "resolved": "https://registry.npmjs.org/tldts-core/-/tldts-core-6.0.3.tgz",
      "integrity": "sha512-PLiEM2aCkfGifyr8npbd93eWIW4isFRB44vTiup5DRie6e2Qy3+9quwHb252v12JyoM+RmF1cxtDgwD2PVBOjA=="
    }
  },
  "dependencies": {
    "jquery": {
      "version": "3.6.4",
      "resolved": "https://registry.npmjs.org/jquery/-/jquery-3.6.4.tgz",
      "integrity": "sha512-v28EW9DWDFpzcD9O5iyJXg3R3+q+mET5JhnjJzQUZMHOv67bpSIHq81GEYpPNZHG+XXHsfSme3nxp/hndKEcsQ=="
    },
    "tldts": {
      "version": "6.0.3",
      "resolved": "https://registry.npmjs.org/tldts/-/tldts-6.0.3.tgz",
      "integrity": "sha512-rcdUIwrcGuMWe5+fg5FFBrmWTYdbfpHwkk1AjBKoSDbpsdAsYqJYKoZOVOHn8MQCYatADKGAx/SU+jpSKxSYNw==",
      "requires": {
        "tldts-core": "^6.0.3"
      }
    },
    "tldts-core": {
      "version": "6.0.3",
      "resolved": "https://registry.npmjs.org/tldts-core/-/tldts-core-6.0.3.tgz",
      "integrity": "sha512-PLiEM2aCkfGifyr8npbd93eWIW4isFRB44vTiup5DRie6e2Qy3+9quwHb252v12JyoM+RmF1cxtDgwD2PVBOjA=="
    }
  }
}
